
Microsoft Visual Studio Solution File, Format Version 12.00
Project("{2150E333-8FDC-42A3-9474-1A3956D46DE8}") = "src", "src", "{3A3EA34C-1808-4C44-A14F-14177084314F}"
EndProject
Project("{2150E333-8FDC-42A3-9474-1A3956D46DE8}") = "api", "api", "{BDB8691A-3627-4614-815E-86534195E37E}"
EndProject
Project("{2150E333-8FDC-42A3-9474-1A3956D46DE8}") = "modules", "modules", "{7BF70FAC-22A2-4A27-986C-0D101CE97B76}"
EndProject
Project("{2150E333-8FDC-42A3-9474-1A3956D46DE8}") = "shared", "shared", "{83624C87-7656-4F21-931F-07FD10A3AAE1}"
EndProject
Project("{2150E333-8FDC-42A3-9474-1A3956D46DE8}") = "Identity", "Identity", "{5EA7EF88-BD62-423E-A870-B3A214F45D1F}"
EndProject
Project("{FAE04EC0-301F-11D3-BF4B-00C04F79EFBC}") = "FindMyWork.Modules.Identity.Api", "src\modules\identity\FindMyWork.Modules.Identity.Api\FindMyWork.Modules.Identity.Api.csproj", "{39AA8AC1-FAD9-4FCE-B75E-9C127446FA5C}"
EndProject
Project("{FAE04EC0-301F-11D3-BF4B-00C04F79EFBC}") = "FindMyWork.Modules.Identity.Core", "src\modules\identity\FindMyWork.Modules.Identity.Core\FindMyWork.Modules.Identity.Core.csproj", "{5E9A1002-C763-4245-8C7B-A97860C6CFAE}"
EndProject
Project("{2150E333-8FDC-42A3-9474-1A3956D46DE8}") = "jobs", "jobs", "{9F0669DF-767B-404D-A24A-268A25499D6C}"
EndProject
Project("{FAE04EC0-301F-11D3-BF4B-00C04F79EFBC}") = "FIndMyWork.Modules.Jobs.Api", "src\modules\jobs\FIndMyWork.Modules.Jobs.Api\FIndMyWork.Modules.Jobs.Api.csproj", "{AE048811-043C-4D28-96A9-15C76FE67C39}"
EndProject
Project("{FAE04EC0-301F-11D3-BF4B-00C04F79EFBC}") = "FindMyWork.Modules.Jobs.Core", "src\modules\jobs\FindMyWork.Modules.Jobs.Core\FindMyWork.Modules.Jobs.Core.csproj", "{B1CA3FF9-7496-4827-9EB0-BB5E28ECCCB4}"
EndProject
Project("{FAE04EC0-301F-11D3-BF4B-00C04F79EFBC}") = "FindMyWork.Shared.Infrastructure", "src\shared\FindMyWork.Shared.Infrastructure\FindMyWork.Shared.Infrastructure.csproj", "{4CCEE1FC-0381-4633-90F3-C5C765BFA6E8}"
EndProject
Project("{FAE04EC0-301F-11D3-BF4B-00C04F79EFBC}") = "FindMyWork.Shared.Application", "src\shared\FindMyWork.Shared.Application\FindMyWork.Shared.Application.csproj", "{A512E4B6-648D-48E4-AE40-3A112C94A4BC}"
EndProject
Project("{FAE04EC0-301F-11D3-BF4B-00C04F79EFBC}") = "FindMyWork.Modular.API", "src\FindMyWork.Modular.API\FindMyWork.Modular.API.csproj", "{92DD1271-7070-4E3D-B09D-B06716642FF4}"
EndProject
Global
	GlobalSection(SolutionConfigurationPlatforms) = preSolution
		Debug|Any CPU = Debug|Any CPU
		Release|Any CPU = Release|Any CPU
	EndGlobalSection
	GlobalSection(NestedProjects) = preSolution
		{BDB8691A-3627-4614-815E-86534195E37E} = {3A3EA34C-1808-4C44-A14F-14177084314F}
		{7BF70FAC-22A2-4A27-986C-0D101CE97B76} = {3A3EA34C-1808-4C44-A14F-14177084314F}
		{83624C87-7656-4F21-931F-07FD10A3AAE1} = {3A3EA34C-1808-4C44-A14F-14177084314F}
		{5EA7EF88-BD62-423E-A870-B3A214F45D1F} = {7BF70FAC-22A2-4A27-986C-0D101CE97B76}
		{39AA8AC1-FAD9-4FCE-B75E-9C127446FA5C} = {5EA7EF88-BD62-423E-A870-B3A214F45D1F}
		{5E9A1002-C763-4245-8C7B-A97860C6CFAE} = {5EA7EF88-BD62-423E-A870-B3A214F45D1F}
		{9F0669DF-767B-404D-A24A-268A25499D6C} = {7BF70FAC-22A2-4A27-986C-0D101CE97B76}
		{AE048811-043C-4D28-96A9-15C76FE67C39} = {9F0669DF-767B-404D-A24A-268A25499D6C}
		{B1CA3FF9-7496-4827-9EB0-BB5E28ECCCB4} = {9F0669DF-767B-404D-A24A-268A25499D6C}
		{4CCEE1FC-0381-4633-90F3-C5C765BFA6E8} = {83624C87-7656-4F21-931F-07FD10A3AAE1}
		{A512E4B6-648D-48E4-AE40-3A112C94A4BC} = {83624C87-7656-4F21-931F-07FD10A3AAE1}
		{92DD1271-7070-4E3D-B09D-B06716642FF4} = {BDB8691A-3627-4614-815E-86534195E37E}
	EndGlobalSection
	GlobalSection(ProjectConfigurationPlatforms) = postSolution
		{39AA8AC1-FAD9-4FCE-B75E-9C127446FA5C}.Debug|Any CPU.ActiveCfg = Debug|Any CPU
		{39AA8AC1-FAD9-4FCE-B75E-9C127446FA5C}.Debug|Any CPU.Build.0 = Debug|Any CPU
		{39AA8AC1-FAD9-4FCE-B75E-9C127446FA5C}.Release|Any CPU.ActiveCfg = Release|Any CPU
		{39AA8AC1-FAD9-4FCE-B75E-9C127446FA5C}.Release|Any CPU.Build.0 = Release|Any CPU
		{5E9A1002-C763-4245-8C7B-A97860C6CFAE}.Debug|Any CPU.ActiveCfg = Debug|Any CPU
		{5E9A1002-C763-4245-8C7B-A97860C6CFAE}.Debug|Any CPU.Build.0 = Debug|Any CPU
		{5E9A1002-C763-4245-8C7B-A97860C6CFAE}.Release|Any CPU.ActiveCfg = Release|Any CPU
		{5E9A1002-C763-4245-8C7B-A97860C6CFAE}.Release|Any CPU.Build.0 = Release|Any CPU
		{AE048811-043C-4D28-96A9-15C76FE67C39}.Debug|Any CPU.ActiveCfg = Debug|Any CPU
		{AE048811-043C-4D28-96A9-15C76FE67C39}.Debug|Any CPU.Build.0 = Debug|Any CPU
		{AE048811-043C-4D28-96A9-15C76FE67C39}.Release|Any CPU.ActiveCfg = Release|Any CPU
		{AE048811-043C-4D28-96A9-15C76FE67C39}.Release|Any CPU.Build.0 = Release|Any CPU
		{B1CA3FF9-7496-4827-9EB0-BB5E28ECCCB4}.Debug|Any CPU.ActiveCfg = Debug|Any CPU
		{B1CA3FF9-7496-4827-9EB0-BB5E28ECCCB4}.Debug|Any CPU.Build.0 = Debug|Any CPU
		{B1CA3FF9-7496-4827-9EB0-BB5E28ECCCB4}.Release|Any CPU.ActiveCfg = Release|Any CPU
		{B1CA3FF9-7496-4827-9EB0-BB5E28ECCCB4}.Release|Any CPU.Build.0 = Release|Any CPU
		{4CCEE1FC-0381-4633-90F3-C5C765BFA6E8}.Debug|Any CPU.ActiveCfg = Debug|Any CPU
		{4CCEE1FC-0381-4633-90F3-C5C765BFA6E8}.Debug|Any CPU.Build.0 = Debug|Any CPU
		{4CCEE1FC-0381-4633-90F3-C5C765BFA6E8}.Release|Any CPU.ActiveCfg = Release|Any CPU
		{4CCEE1FC-0381-4633-90F3-C5C765BFA6E8}.Release|Any CPU.Build.0 = Release|Any CPU
		{A512E4B6-648D-48E4-AE40-3A112C94A4BC}.Debug|Any CPU.ActiveCfg = Debug|Any CPU
		{A512E4B6-648D-48E4-AE40-3A112C94A4BC}.Debug|Any CPU.Build.0 = Debug|Any CPU
		{A512E4B6-648D-48E4-AE40-3A112C94A4BC}.Release|Any CPU.ActiveCfg = Release|Any CPU
		{A512E4B6-648D-48E4-AE40-3A112C94A4BC}.Release|Any CPU.Build.0 = Release|Any CPU
		{92DD1271-7070-4E3D-B09D-B06716642FF4}.Debug|Any CPU.ActiveCfg = Debug|Any CPU
		{92DD1271-7070-4E3D-B09D-B06716642FF4}.Debug|Any CPU.Build.0 = Debug|Any CPU
		{92DD1271-7070-4E3D-B09D-B06716642FF4}.Release|Any CPU.ActiveCfg = Release|Any CPU
		{92DD1271-7070-4E3D-B09D-B06716642FF4}.Release|Any CPU.Build.0 = Release|Any CPU
	EndGlobalSection
EndGlobal
